// !$*UTF8*$!
{
	archiveVersion = 1;
	classes = {
	};
	objectVersion = 48;
	objects = {

/* Begin PBXBuildFile section */
		96CBB7291FCB504300FBC7B7 /* AppDelegate.swift in Sources */ = {isa = PBXBuildFile; fileRef = 96CBB7281FCB504300FBC7B7 /* AppDelegate.swift */; };
		96CBB72B1FCB504300FBC7B7 /* CompaniesController.swift in Sources */ = {isa = PBXBuildFile; fileRef = 96CBB72A1FCB504300FBC7B7 /* CompaniesController.swift */; };
		96CBB72E1FCB504300FBC7B7 /* Main.storyboard in Resources */ = {isa = PBXBuildFile; fileRef = 96CBB72C1FCB504300FBC7B7 /* Main.storyboard */; };
		96CBB7301FCB504300FBC7B7 /* Assets.xcassets in Resources */ = {isa = PBXBuildFile; fileRef = 96CBB72F1FCB504300FBC7B7 /* Assets.xcassets */; };
		96CBB7331FCB504300FBC7B7 /* LaunchScreen.storyboard in Resources */ = {isa = PBXBuildFile; fileRef = 96CBB7311FCB504300FBC7B7 /* LaunchScreen.storyboard */; };
		96CBB73B1FCB655E00FBC7B7 /* UIColor+theme.swift in Sources */ = {isa = PBXBuildFile; fileRef = 96CBB73A1FCB655E00FBC7B7 /* UIColor+theme.swift */; };
		96CBB73D1FCB711D00FBC7B7 /* Company.swift in Sources */ = {isa = PBXBuildFile; fileRef = 96CBB73C1FCB711D00FBC7B7 /* Company.swift */; };
		96CBB73F1FCB765A00FBC7B7 /* CreateCompanyController.swift in Sources */ = {isa = PBXBuildFile; fileRef = 96CBB73E1FCB765A00FBC7B7 /* CreateCompanyController.swift */; };
		96CBB7421FCC9B6A00FBC7B7 /* IntermediateTrainingModels.xcdatamodeld in Sources */ = {isa = PBXBuildFile; fileRef = 96CBB7401FCC9B6A00FBC7B7 /* IntermediateTrainingModels.xcdatamodeld */; };
		96CBB7441FCCC24700FBC7B7 /* CoreDataManager.swift in Sources */ = {isa = PBXBuildFile; fileRef = 96CBB7431FCCC24700FBC7B7 /* CoreDataManager.swift */; };
/* End PBXBuildFile section */

/* Begin PBXFileReference section */
		96CBB7251FCB504300FBC7B7 /* IntermediateTraining.app */ = {isa = PBXFileReference; explicitFileType = wrapper.application; includeInIndex = 0; path = IntermediateTraining.app; sourceTree = BUILT_PRODUCTS_DIR; };
		96CBB7281FCB504300FBC7B7 /* AppDelegate.swift */ = {isa = PBXFileReference; lastKnownFileType = sourcecode.swift; path = AppDelegate.swift; sourceTree = "<group>"; };
		96CBB72A1FCB504300FBC7B7 /* CompaniesController.swift */ = {isa = PBXFileReference; lastKnownFileType = sourcecode.swift; path = CompaniesController.swift; sourceTree = "<group>"; };
		96CBB72D1FCB504300FBC7B7 /* Base */ = {isa = PBXFileReference; lastKnownFileType = file.storyboard; name = Base; path = Base.lproj/Main.storyboard; sourceTree = "<group>"; };
		96CBB72F1FCB504300FBC7B7 /* Assets.xcassets */ = {isa = PBXFileReference; lastKnownFileType = folder.assetcatalog; path = Assets.xcassets; sourceTree = "<group>"; };
		96CBB7321FCB504300FBC7B7 /* Base */ = {isa = PBXFileReference; lastKnownFileType = file.storyboard; name = Base; path = Base.lproj/LaunchScreen.storyboard; sourceTree = "<group>"; };
		96CBB7341FCB504300FBC7B7 /* Info.plist */ = {isa = PBXFileReference; lastKnownFileType = text.plist.xml; path = Info.plist; sourceTree = "<group>"; };
		96CBB73A1FCB655E00FBC7B7 /* UIColor+theme.swift */ = {isa = PBXFileReference; lastKnownFileType = sourcecode.swift; path = "UIColor+theme.swift"; sourceTree = "<group>"; };
		96CBB73C1FCB711D00FBC7B7 /* Company.swift */ = {isa = PBXFileReference; lastKnownFileType = sourcecode.swift; path = Company.swift; sourceTree = "<group>"; };
		96CBB73E1FCB765A00FBC7B7 /* CreateCompanyController.swift */ = {isa = PBXFileReference; lastKnownFileType = sourcecode.swift; path = CreateCompanyController.swift; sourceTree = "<group>"; };
		96CBB7411FCC9B6A00FBC7B7 /* IntermediateTrainingModels.xcdatamodel */ = {isa = PBXFileReference; lastKnownFileType = wrapper.xcdatamodel; path = IntermediateTrainingModels.xcdatamodel; sourceTree = "<group>"; };
		96CBB7431FCCC24700FBC7B7 /* CoreDataManager.swift */ = {isa = PBXFileReference; lastKnownFileType = sourcecode.swift; path = CoreDataManager.swift; sourceTree = "<group>"; };
/* End PBXFileReference section */

/* Begin PBXFrameworksBuildPhase section */
		96CBB7221FCB504300FBC7B7 /* Frameworks */ = {
			isa = PBXFrameworksBuildPhase;
			buildActionMask = 2147483647;
			files = (
			);
			runOnlyForDeploymentPostprocessing = 0;
		};
/* End PBXFrameworksBuildPhase section */

/* Begin PBXGroup section */
		96CBB71C1FCB504300FBC7B7 = {
			isa = PBXGroup;
			children = (
				96CBB7271FCB504300FBC7B7 /* IntermediateTraining */,
				96CBB7261FCB504300FBC7B7 /* Products */,
			);
			sourceTree = "<group>";
		};
		96CBB7261FCB504300FBC7B7 /* Products */ = {
			isa = PBXGroup;
			children = (
				96CBB7251FCB504300FBC7B7 /* IntermediateTraining.app */,
			);
			name = Products;
			sourceTree = "<group>";
		};
		96CBB7271FCB504300FBC7B7 /* IntermediateTraining */ = {
			isa = PBXGroup;
			children = (
				96CBB7281FCB504300FBC7B7 /* AppDelegate.swift */,
				96CBB72A1FCB504300FBC7B7 /* CompaniesController.swift */,
				96CBB7401FCC9B6A00FBC7B7 /* IntermediateTrainingModels.xcdatamodeld */,
				96CBB73E1FCB765A00FBC7B7 /* CreateCompanyController.swift */,
				96CBB7431FCCC24700FBC7B7 /* CoreDataManager.swift */,
				96CBB73A1FCB655E00FBC7B7 /* UIColor+theme.swift */,
				96CBB73C1FCB711D00FBC7B7 /* Company.swift */,
				96CBB72C1FCB504300FBC7B7 /* Main.storyboard */,
				96CBB72F1FCB504300FBC7B7 /* Assets.xcassets */,
				96CBB7311FCB504300FBC7B7 /* LaunchScreen.storyboard */,
				96CBB7341FCB504300FBC7B7 /* Info.plist */,
			);
			path = IntermediateTraining;
			sourceTree = "<group>";
		};
/* End PBXGroup section */

/* Begin PBXNativeTarget section */
		96CBB7241FCB504300FBC7B7 /* IntermediateTraining */ = {
			isa = PBXNativeTarget;
			buildConfigurationList = 96CBB7371FCB504300FBC7B7 /* Build configuration list for PBXNativeTarget "IntermediateTraining" */;
			buildPhases = (
				96CBB7211FCB504300FBC7B7 /* Sources */,
				96CBB7221FCB504300FBC7B7 /* Frameworks */,
				96CBB7231FCB504300FBC7B7 /* Resources */,
			);
			buildRules = (
			);
			dependencies = (
			);
			name = IntermediateTraining;
			productName = IntermediateTraining;
			productReference = 96CBB7251FCB504300FBC7B7 /* IntermediateTraining.app */;
			productType = "com.apple.product-type.application";
		};
/* End PBXNativeTarget section */

/* Begin PBXProject section */
		96CBB71D1FCB504300FBC7B7 /* Project object */ = {
			isa = PBXProject;
			attributes = {
				LastSwiftUpdateCheck = 0910;
				LastUpgradeCheck = 0910;
				ORGANIZATIONNAME = _joelvieira;
				TargetAttributes = {
					96CBB7241FCB504300FBC7B7 = {
						CreatedOnToolsVersion = 9.1;
						ProvisioningStyle = Automatic;
					};
				};
			};
			buildConfigurationList = 96CBB7201FCB504300FBC7B7 /* Build configuration list for PBXProject "IntermediateTraining" */;
			compatibilityVersion = "Xcode 8.0";
			developmentRegion = en;
			hasScannedForEncodings = 0;
			knownRegions = (
				en,
				Base,
			);
			mainGroup = 96CBB71C1FCB504300FBC7B7;
			productRefGroup = 96CBB7261FCB504300FBC7B7 /* Products */;
			projectDirPath = "";
			projectRoot = "";
			targets = (
				96CBB7241FCB504300FBC7B7 /* IntermediateTraining */,
			);
		};
/* End PBXProject section */

/* Begin PBXResourcesBuildPhase section */
		96CBB7231FCB504300FBC7B7 /* Resources */ = {
			isa = PBXResourcesBuildPhase;
			buildActionMask = 2147483647;
			files = (
				96CBB7331FCB504300FBC7B7 /* LaunchScreen.storyboard in Resources */,
				96CBB7301FCB504300FBC7B7 /* Assets.xcassets in Resources */,
				96CBB72E1FCB504300FBC7B7 /* Main.storyboard in Resources */,
			);
			runOnlyForDeploymentPostprocessing = 0;
		};
/* End PBXResourcesBuildPhase section */

/* Begin PBXSourcesBuildPhase section */
		96CBB7211FCB504300FBC7B7 /* Sources */ = {
			isa = PBXSourcesBuildPhase;
			buildActionMask = 2147483647;
			files = (
				96CBB73B1FCB655E00FBC7B7 /* UIColor+theme.swift in Sources */,
				96CBB72B1FCB504300FBC7B7 /* CompaniesController.swift in Sources */,
				96CBB73F1FCB765A00FBC7B7 /* CreateCompanyController.swift in Sources */,
				96CBB7291FCB504300FBC7B7 /* AppDelegate.swift in Sources */,
				96CBB7421FCC9B6A00FBC7B7 /* IntermediateTrainingModels.xcdatamodeld in Sources */,
				96CBB7441FCCC24700FBC7B7 /* CoreDataManager.swift in Sources */,
				96CBB73D1FCB711D00FBC7B7 /* Company.swift in Sources */,
			);
			runOnlyForDeploymentPostprocessing = 0;
		};
/* End PBXSourcesBuildPhase section */

/* Begin PBXVariantGroup section */
		96CBB72C1FCB504300FBC7B7 /* Main.storyboard */ = {
			isa = PBXVariantGroup;
			children = (
				96CBB72D1FCB504300FBC7B7 /* Base */,
			);
			name = Main.storyboard;
			sourceTree = "<group>";
		};
		96CBB7311FCB504300FBC7B7 /* LaunchScreen.storyboard */ = {
			isa = PBXVariantGroup;
			children = (
				96CBB7321FCB504300FBC7B7 /* Base */,
			);
			name = LaunchScreen.storyboard;
			sourceTree = "<group>";
		};
/* End PBXVariantGroup section */

/* Begin XCBuildConfiguration section */
		96CBB7351FCB504300FBC7B7 /* Debug */ = {
			isa = XCBuildConfiguration;
			buildSettings = {
				ALWAYS_SEARCH_USER_PATHS = NO;
				CLANG_ANALYZER_NONNULL = YES;
				CLANG_ANALYZER_NUMBER_OBJECT_CONVERSION = YES_AGGRESSIVE;
				CLANG_CXX_LANGUAGE_STANDARD = "gnu++14";
				CLANG_CXX_LIBRARY = "libc++";
				CLANG_ENABLE_MODULES = YES;
				CLANG_ENABLE_OBJC_ARC = YES;
				CLANG_WARN_BLOCK_CAPTURE_AUTORELEASING = YES;
				CLANG_WARN_BOOL_CONVERSION = YES;
				CLANG_WARN_COMMA = YES;
				CLANG_WARN_CONSTANT_CONVERSION = YES;
				CLANG_WARN_DIRECT_OBJC_ISA_USAGE = YES_ERROR;
				CLANG_WARN_DOCUMENTATION_COMMENTS = YES;
				CLANG_WARN_EMPTY_BODY = YES;
				CLANG_WARN_ENUM_CONVERSION = YES;
				CLANG_WARN_INFINITE_RECURSION = YES;
				CLANG_WARN_INT_CONVERSION = YES;
				CLANG_WARN_NON_LITERAL_NULL_CONVERSION = YES;
				CLANG_WARN_OBJC_LITERAL_CONVERSION = YES;
				CLANG_WARN_OBJC_ROOT_CLASS = YES_ERROR;
				CLANG_WARN_RANGE_LOOP_ANALYSIS = YES;
				CLANG_WARN_STRICT_PROTOTYPES = YES;
				CLANG_WARN_SUSPICIOUS_MOVE = YES;
				CLANG_WARN_UNGUARDED_AVAILABILITY = YES_AGGRESSIVE;
				CLANG_WARN_UNREACHABLE_CODE = YES;
				CLANG_WARN__DUPLICATE_METHOD_MATCH = YES;
				CODE_SIGN_IDENTITY = "iPhone Developer";
				COPY_PHASE_STRIP = NO;
				DEBUG_INFORMATION_FORMAT = dwarf;
				ENABLE_STRICT_OBJC_MSGSEND = YES;
				ENABLE_TESTABILITY = YES;
				GCC_C_LANGUAGE_STANDARD = gnu11;
				GCC_DYNAMIC_NO_PIC = NO;
				GCC_NO_COMMON_BLOCKS = YES;
				GCC_OPTIMIZATION_LEVEL = 0;
				GCC_PREPROCESSOR_DEFINITIONS = (
					"DEBUG=1",
					"$(inherited)",
				);
				GCC_WARN_64_TO_32_BIT_CONVERSION = YES;
				GCC_WARN_ABOUT_RETURN_TYPE = YES_ERROR;
				GCC_WARN_UNDECLARED_SELECTOR = YES;
				GCC_WARN_UNINITIALIZED_AUTOS = YES_AGGRESSIVE;
				GCC_WARN_UNUSED_FUNCTION = YES;
				GCC_WARN_UNUSED_VARIABLE = YES;
				IPHONEOS_DEPLOYMENT_TARGET = 11.1;
				MTL_ENABLE_DEBUG_INFO = YES;
				ONLY_ACTIVE_ARCH = YES;
				SDKROOT = iphoneos;
				SWIFT_ACTIVE_COMPILATION_CONDITIONS = DEBUG;
				SWIFT_OPTIMIZATION_LEVEL = "-Onone";
			};
			name = Debug;
		};
		96CBB7361FCB504300FBC7B7 /* Release */ = {
			isa = XCBuildConfiguration;
			buildSettings = {
				ALWAYS_SEARCH_USER_PATHS = NO;
				CLANG_ANALYZER_NONNULL = YES;
				CLANG_ANALYZER_NUMBER_OBJECT_CONVERSION = YES_AGGRESSIVE;
				CLANG_CXX_LANGUAGE_STANDARD = "gnu++14";
				CLANG_CXX_LIBRARY = "libc++";
				CLANG_ENABLE_MODULES = YES;
				CLANG_ENABLE_OBJC_ARC = YES;
				CLANG_WARN_BLOCK_CAPTURE_AUTORELEASING = YES;
				CLANG_WARN_BOOL_CONVERSION = YES;
				CLANG_WARN_COMMA = YES;
				CLANG_WARN_CONSTANT_CONVERSION = YES;
				CLANG_WARN_DIRECT_OBJC_ISA_USAGE = YES_ERROR;
				CLANG_WARN_DOCUMENTATION_COMMENTS = YES;
				CLANG_WARN_EMPTY_BODY = YES;
				CLANG_WARN_ENUM_CONVERSION = YES;
				CLANG_WARN_INFINITE_RECURSION = YES;
				CLANG_WARN_INT_CONVERSION = YES;
				CLANG_WARN_NON_LITERAL_NULL_CONVERSION = YES;
				CLANG_WARN_OBJC_LITERAL_CONVERSION = YES;
				CLANG_WARN_OBJC_ROOT_CLASS = YES_ERROR;
				CLANG_WARN_RANGE_LOOP_ANALYSIS = YES;
				CLANG_WARN_STRICT_PROTOTYPES = YES;
				CLANG_WARN_SUSPICIOUS_MOVE = YES;
				CLANG_WARN_UNGUARDED_AVAILABILITY = YES_AGGRESSIVE;
				CLANG_WARN_UNREACHABLE_CODE = YES;
				CLANG_WARN__DUPLICATE_METHOD_MATCH = YES;
				CODE_SIGN_IDENTITY = "iPhone Developer";
				COPY_PHASE_STRIP = NO;
				DEBUG_INFORMATION_FORMAT = "dwarf-with-dsym";
				ENABLE_NS_ASSERTIONS = NO;
				ENABLE_STRICT_OBJC_MSGSEND = YES;
				GCC_C_LANGUAGE_STANDARD = gnu11;
				GCC_NO_COMMON_BLOCKS = YES;
				GCC_WARN_64_TO_32_BIT_CONVERSION = YES;
				GCC_WARN_ABOUT_RETURN_TYPE = YES_ERROR;
				GCC_WARN_UNDECLARED_SELECTOR = YES;
				GCC_WARN_UNINITIALIZED_AUTOS = YES_AGGRESSIVE;
				GCC_WARN_UNUSED_FUNCTION = YES;
				GCC_WARN_UNUSED_VARIABLE = YES;
				IPHONEOS_DEPLOYMENT_TARGET = 11.1;
				MTL_ENABLE_DEBUG_INFO = NO;
				SDKROOT = iphoneos;
				SWIFT_OPTIMIZATION_LEVEL = "-Owholemodule";
				VALIDATE_PRODUCT = YES;
			};
			name = Release;
		};
		96CBB7381FCB504300FBC7B7 /* Debug */ = {
			isa = XCBuildConfiguration;
			buildSettings = {
				ASSETCATALOG_COMPILER_APPICON_NAME = AppIcon;
				CODE_SIGN_STYLE = Automatic;
				DEVELOPMENT_TEAM = HQTQT3UZMK;
				INFOPLIST_FILE = IntermediateTraining/Info.plist;
				LD_RUNPATH_SEARCH_PATHS = "$(inherited) @executable_path/Frameworks";
				PRODUCT_BUNDLE_IDENTIFIER = br.com.asq.IntermediateTraining;
				PRODUCT_NAME = "$(TARGET_NAME)";
				SWIFT_VERSION = 4.0;
				TARGETED_DEVICE_FAMILY = "1,2";
			};
			name = Debug;
		};
		96CBB7391FCB504300FBC7B7 /* Release */ = {
			isa = XCBuildConfiguration;
			buildSettings = {
				ASSETCATALOG_COMPILER_APPICON_NAME = AppIcon;
				CODE_SIGN_STYLE = Automatic;
				DEVELOPMENT_TEAM = HQTQT3UZMK;
				INFOPLIST_FILE = IntermediateTraining/Info.plist;
				LD_RUNPATH_SEARCH_PATHS = "$(inherited) @executable_path/Frameworks";
				PRODUCT_BUNDLE_IDENTIFIER = br.com.asq.IntermediateTraining;
				PRODUCT_NAME = "$(TARGET_NAME)";
				SWIFT_VERSION = 4.0;
				TARGETED_DEVICE_FAMILY = "1,2";
			};
			name = Release;
		};
/* End XCBuildConfiguration section */

/* Begin XCConfigurationList section */
		96CBB7201FCB504300FBC7B7 /* Build configuration list for PBXProject "IntermediateTraining" */ = {
			isa = XCConfigurationList;
			buildConfigurations = (
				96CBB7351FCB504300FBC7B7 /* Debug */,
				96CBB7361FCB504300FBC7B7 /* Release */,
			);
			defaultConfigurationIsVisible = 0;
			defaultConfigurationName = Release;
		};
		96CBB7371FCB504300FBC7B7 /* Build configuration list for PBXNativeTarget "IntermediateTraining" */ = {
			isa = XCConfigurationList;
			buildConfigurations = (
				96CBB7381FCB504300FBC7B7 /* Debug */,
				96CBB7391FCB504300FBC7B7 /* Release */,
			);
			defaultConfigurationIsVisible = 0;
			defaultConfigurationName = Release;
		};
/* End XCConfigurationList section */

/* Begin XCVersionGroup section */
		96CBB7401FCC9B6A00FBC7B7 /* IntermediateTrainingModels.xcdatamodeld */ = {
			isa = XCVersionGroup;
			children = (
				96CBB7411FCC9B6A00FBC7B7 /* IntermediateTrainingModels.xcdatamodel */,
			);
			currentVersion = 96CBB7411FCC9B6A00FBC7B7 /* IntermediateTrainingModels.xcdatamodel */;
			path = IntermediateTrainingModels.xcdatamodeld;
			sourceTree = "<group>";
			versionGroupType = wrapper.xcdatamodel;
		};
/* End XCVersionGroup section */
	};
	rootObject = 96CBB71D1FCB504300FBC7B7 /* Project object */;
}
